
Microsoft Visual Studio Solution File, Format Version 12.00
# Visual Studio Version 17
VisualStudioVersion = 17.9.34728.123
MinimumVisualStudioVersion = 10.0.40219.1
Project("{FAE04EC0-301F-11D3-BF4B-00C04F79EFBC}") = "EasyCashIdentityProject.EntityLayer", "EasyCashIdentityProjectEntityLayer\EasyCashIdentityProject.EntityLayer.csproj", "{A9D10BC8-387C-42BB-9685-6C89A7F0E16F}"
EndProject
Project("{FAE04EC0-301F-11D3-BF4B-00C04F79EFBC}") = "EasyCashIdentityProject.DataAccessLayer", "EasyCashIdentityProjectDataAccessLayer\EasyCashIdentityProject.DataAccessLayer.csproj", "{6ED5607F-E187-4E88-8BDA-BDDB893B4442}"
EndProject
Project("{FAE04EC0-301F-11D3-BF4B-00C04F79EFBC}") = "EasyCashIdentityProject.BusinessLayer", "EasyCashIdentityProject.BusinessLayer\EasyCashIdentityProject.BusinessLayer.csproj", "{3EEA8AA6-AE93-497D-A67E-E4F0A0A07A35}"
EndProject
Project("{FAE04EC0-301F-11D3-BF4B-00C04F79EFBC}") = "EasyCashIdentityProject.DtoLayer", "EasyCashIdentityProject.DtoLayer\EasyCashIdentityProject.DtoLayer.csproj", "{0B699F0D-3E38-4333-894F-27E103455A64}"
EndProject
Project("{FAE04EC0-301F-11D3-BF4B-00C04F79EFBC}") = "EasyCashIdentityProject.PresentationLayer", "EasyCashIdentityProject.PresentationLayer\EasyCashIdentityProject.PresentationLayer.csproj", "{E9FC1256-0EB9-4691-8CF1-1FCD368E1A5B}"
EndProject
Global
	GlobalSection(SolutionConfigurationPlatforms) = preSolution
		Debug|Any CPU = Debug|Any CPU
		Release|Any CPU = Release|Any CPU
	EndGlobalSection
	GlobalSection(ProjectConfigurationPlatforms) = postSolution
		{A9D10BC8-387C-42BB-9685-6C89A7F0E16F}.Debug|Any CPU.ActiveCfg = Debug|Any CPU
		{A9D10BC8-387C-42BB-9685-6C89A7F0E16F}.Debug|Any CPU.Build.0 = Debug|Any CPU
		{A9D10BC8-387C-42BB-9685-6C89A7F0E16F}.Release|Any CPU.ActiveCfg = Release|Any CPU
		{A9D10BC8-387C-42BB-9685-6C89A7F0E16F}.Release|Any CPU.Build.0 = Release|Any CPU
		{6ED5607F-E187-4E88-8BDA-BDDB893B4442}.Debug|Any CPU.ActiveCfg = Debug|Any CPU
		{6ED5607F-E187-4E88-8BDA-BDDB893B4442}.Debug|Any CPU.Build.0 = Debug|Any CPU
		{6ED5607F-E187-4E88-8BDA-BDDB893B4442}.Release|Any CPU.ActiveCfg = Release|Any CPU
		{6ED5607F-E187-4E88-8BDA-BDDB893B4442}.Release|Any CPU.Build.0 = Release|Any CPU
		{3EEA8AA6-AE93-497D-A67E-E4F0A0A07A35}.Debug|Any CPU.ActiveCfg = Debug|Any CPU
		{3EEA8AA6-AE93-497D-A67E-E4F0A0A07A35}.Debug|Any CPU.Build.0 = Debug|Any CPU
		{3EEA8AA6-AE93-497D-A67E-E4F0A0A07A35}.Release|Any CPU.ActiveCfg = Release|Any CPU
		{3EEA8AA6-AE93-497D-A67E-E4F0A0A07A35}.Release|Any CPU.Build.0 = Release|Any CPU
		{0B699F0D-3E38-4333-894F-27E103455A64}.Debug|Any CPU.ActiveCfg = Debug|Any CPU
		{0B699F0D-3E38-4333-894F-27E103455A64}.Debug|Any CPU.Build.0 = Debug|Any CPU
		{0B699F0D-3E38-4333-894F-27E103455A64}.Release|Any CPU.ActiveCfg = Release|Any CPU
		{0B699F0D-3E38-4333-894F-27E103455A64}.Release|Any CPU.Build.0 = Release|Any CPU
		{E9FC1256-0EB9-4691-8CF1-1FCD368E1A5B}.Debug|Any CPU.ActiveCfg = Debug|Any CPU
		{E9FC1256-0EB9-4691-8CF1-1FCD368E1A5B}.Debug|Any CPU.Build.0 = Debug|Any CPU
		{E9FC1256-0EB9-4691-8CF1-1FCD368E1A5B}.Release|Any CPU.ActiveCfg = Release|Any CPU
		{E9FC1256-0EB9-4691-8CF1-1FCD368E1A5B}.Release|Any CPU.Build.0 = Release|Any CPU
	EndGlobalSection
	GlobalSection(SolutionProperties) = preSolution
		HideSolutionNode = FALSE
	EndGlobalSection
	GlobalSection(ExtensibilityGlobals) = postSolution
		SolutionGuid = {690C021B-43F1-47D9-9098-B0D3D1589889}
	EndGlobalSection
EndGlobal
